{
  "version": 4,
  "terraform_version": "0.12.20",
  "serial": 6,
  "lineage": "14f0a3dd-d334-4816-3987-3cc2121e1989",
  "outputs": {},
  "resources": [
    {
      "module": "module.backend",
      "mode": "data",
      "type": "aws_iam_user",
      "name": "operators",
      "each": "list",
      "provider": "module.backend.provider.aws",
      "instances": [
        {
          "index_key": 0,
          "schema_version": 0,
          "attributes": {
            "arn": "arn:aws:iam::329054710135:user/natanb",
            "id": "AIDAUZHJQNF3QZVKAYNL4",
            "path": "/",
            "permissions_boundary": "",
            "user_id": "AIDAUZHJQNF3QZVKAYNL4",
            "user_name": "natanb"
          }
        }
      ]
    },
    {
      "module": "module.backend",
      "mode": "data",
      "type": "template_file",
      "name": "operator_arn",
      "each": "list",
      "provider": "provider.template",
      "instances": [
        {
          "index_key": 0,
          "schema_version": 0,
          "attributes": {
            "filename": null,
            "id": "bb007c4230490111f1943952650e421121f46e849c635dc304354380eac79638",
            "rendered": "\"arn:aws:iam::329054710135:user/natanb\"",
            "template": "\"${arn}\"",
            "vars": {
              "arn": "arn:aws:iam::329054710135:user/natanb"
            }
          }
        }
      ]
    },
    {
      "module": "module.backend",
      "mode": "data",
      "type": "template_file",
      "name": "terraform_state_policy",
      "each": "list",
      "provider": "provider.template",
      "instances": [
        {
          "index_key": 0,
          "schema_version": 0,
          "attributes": {
            "filename": null,
            "id": "b7fd80b937ecab8a2b7b133849a0dd6469ceac6aca854be716dc493ed45b345f",
            "rendered": "{\n  \"Version\": \"2012-10-17\",\n  \"Statement\": [\n    {\n      \"Effect\": \"Allow\",\n      \"Action\": \"s3:ListBucket\",\n      \"Resource\": \"arn:aws:s3:::tikal-terraform-state\",\n      \"Principal\": {\n        \"AWS\": [\"arn:aws:iam::329054710135:user/natanb\"]\n      }\n    },\n    {\n      \"Effect\": \"Allow\",\n      \"Action\": [\"s3:GetObject\", \"s3:PutObject\"],\n      \"Resource\": \"arn:aws:s3:::tikal-terraform-state/*\",\n      \"Principal\": {\n        \"AWS\": [\"arn:aws:iam::329054710135:user/natanb\"]\n      }\n    },\n    {\n      \"Effect\": \"Allow\",\n      \"Action\": [\"s3:GetObject\", \"s3:PutObject\"],\n      \"Resource\": \"arn:aws:s3:::tikal-terraform-state/env:/*\",\n      \"Principal\": {\n        \"AWS\": [\"arn:aws:iam::329054710135:user/natanb\"]\n      }\n    }\n  ]\n}\n",
            "template": "{\n  \"Version\": \"2012-10-17\",\n  \"Statement\": [\n    {\n      \"Effect\": \"Allow\",\n      \"Action\": \"s3:ListBucket\",\n      \"Resource\": \"${bucket}\",\n      \"Principal\": {\n        \"AWS\": [${operators}]\n      }\n    },\n    {\n      \"Effect\": \"Allow\",\n      \"Action\": [\"s3:GetObject\", \"s3:PutObject\"],\n      \"Resource\": \"${bucket}/*\",\n      \"Principal\": {\n        \"AWS\": [${operators}]\n      }\n    },\n    {\n      \"Effect\": \"Allow\",\n      \"Action\": [\"s3:GetObject\", \"s3:PutObject\"],\n      \"Resource\": \"${bucket}/env:/*\",\n      \"Principal\": {\n        \"AWS\": [${operators}]\n      }\n    }\n  ]\n}\n",
            "vars": {
              "bucket": "arn:aws:s3:::tikal-terraform-state",
              "operators": "\"arn:aws:iam::329054710135:user/natanb\""
            }
          }
        }
      ]
    },
    {
      "module": "module.backend",
      "mode": "managed",
      "type": "aws_dynamodb_table",
      "name": "terraform_statelock",
      "each": "list",
      "provider": "module.backend.provider.aws",
      "instances": [
        {
          "index_key": 0,
          "schema_version": 1,
          "attributes": {
            "arn": "arn:aws:dynamodb:eu-central-1:329054710135:table/TikalTerraformStatelock",
            "attribute": [
              {
                "name": "LockID",
                "type": "S"
              }
            ],
            "billing_mode": "PROVISIONED",
            "global_secondary_index": [],
            "hash_key": "LockID",
            "id": "TikalTerraformStatelock",
            "local_secondary_index": [],
            "name": "TikalTerraformStatelock",
            "point_in_time_recovery": [
              {
                "enabled": false
              }
            ],
            "range_key": null,
            "read_capacity": 1,
            "server_side_encryption": [],
            "stream_arn": "",
            "stream_enabled": false,
            "stream_label": "",
            "stream_view_type": "",
            "tags": {
              "Origin": "Terraform"
            },
            "timeouts": null,
            "ttl": [
              {
                "attribute_name": "",
                "enabled": false
              }
            ],
            "write_capacity": 1
          },
          "private": "eyJlMmJmYjczMC1lY2FhLTExZTYtOGY4OC0zNDM2M2JjN2M0YzAiOnsiY3JlYXRlIjo2MDAwMDAwMDAwMDAsImRlbGV0ZSI6NjAwMDAwMDAwMDAwLCJ1cGRhdGUiOjM2MDAwMDAwMDAwMDB9LCJzY2hlbWFfdmVyc2lvbiI6IjEifQ=="
        }
      ]
    },
    {
      "module": "module.backend",
      "mode": "managed",
      "type": "aws_kms_key",
      "name": "tf_enc_key",
      "each": "list",
      "provider": "module.backend.provider.aws",
      "instances": [
        {
          "index_key": 0,
          "schema_version": 0,
          "attributes": {
            "arn": "arn:aws:kms:eu-central-1:329054710135:key/3dc172d8-5a5b-4458-82b2-231eb0da2e65",
            "customer_master_key_spec": "SYMMETRIC_DEFAULT",
            "deletion_window_in_days": 30,
            "description": "Global Terraform state encryption key",
            "enable_key_rotation": false,
            "id": "3dc172d8-5a5b-4458-82b2-231eb0da2e65",
            "is_enabled": true,
            "key_id": "3dc172d8-5a5b-4458-82b2-231eb0da2e65",
            "key_usage": "ENCRYPT_DECRYPT",
            "policy": "{\"Id\":\"key-default-1\",\"Statement\":[{\"Action\":\"kms:*\",\"Effect\":\"Allow\",\"Principal\":{\"AWS\":\"arn:aws:iam::329054710135:root\"},\"Resource\":\"*\",\"Sid\":\"Enable IAM User Permissions\"}],\"Version\":\"2012-10-17\"}",
            "tags": {
              "Origin": "Terraform"
            }
          },
          "private": "bnVsbA=="
        }
      ]
    },
    {
      "module": "module.backend",
      "mode": "managed",
      "type": "aws_s3_bucket",
      "name": "terraform_state",
      "each": "list",
      "provider": "module.backend.provider.aws",
      "instances": [
        {
          "index_key": 0,
          "schema_version": 0,
          "attributes": {
            "acceleration_status": "",
            "acl": "private",
            "arn": "arn:aws:s3:::tikal-terraform-state",
            "bucket": "tikal-terraform-state",
            "bucket_domain_name": "tikal-terraform-state.s3.amazonaws.com",
            "bucket_prefix": null,
            "bucket_regional_domain_name": "tikal-terraform-state.s3.eu-central-1.amazonaws.com",
            "cors_rule": [],
            "force_destroy": false,
            "hosted_zone_id": "Z21DNDUVLTQW6Q",
            "id": "tikal-terraform-state",
            "lifecycle_rule": [
              {
                "abort_incomplete_multipart_upload_days": 0,
                "enabled": true,
                "expiration": [],
                "id": "expire",
                "noncurrent_version_expiration": [
                  {
                    "days": 90
                  }
                ],
                "noncurrent_version_transition": [],
                "prefix": "",
                "tags": null,
                "transition": []
              }
            ],
            "logging": [],
            "object_lock_configuration": [],
            "policy": null,
            "region": "eu-central-1",
            "replication_configuration": [],
            "request_payer": "BucketOwner",
            "server_side_encryption_configuration": [
              {
                "rule": [
                  {
                    "apply_server_side_encryption_by_default": [
                      {
                        "kms_master_key_id": "arn:aws:kms:eu-central-1:329054710135:key/3dc172d8-5a5b-4458-82b2-231eb0da2e65",
                        "sse_algorithm": "aws:kms"
                      }
                    ]
                  }
                ]
              }
            ],
            "tags": {
              "Origin": "Terraform"
            },
            "versioning": [
              {
                "enabled": true,
                "mfa_delete": false
              }
            ],
            "website": [],
            "website_domain": null,
            "website_endpoint": null
          },
          "private": "bnVsbA==",
          "dependencies": [
            "module.backend.aws_kms_key.tf_enc_key"
          ]
        }
      ]
    },
    {
      "module": "module.backend",
      "mode": "managed",
      "type": "aws_s3_bucket_policy",
      "name": "terraform_state",
      "each": "list",
      "provider": "module.backend.provider.aws",
      "instances": [
        {
          "index_key": 0,
          "schema_version": 0,
          "attributes": {
            "bucket": "tikal-terraform-state",
            "id": "tikal-terraform-state",
            "policy": "{\n  \"Version\": \"2012-10-17\",\n  \"Statement\": [\n    {\n      \"Effect\": \"Allow\",\n      \"Action\": \"s3:ListBucket\",\n      \"Resource\": \"arn:aws:s3:::tikal-terraform-state\",\n      \"Principal\": {\n        \"AWS\": [\"arn:aws:iam::329054710135:user/natanb\"]\n      }\n    },\n    {\n      \"Effect\": \"Allow\",\n      \"Action\": [\"s3:GetObject\", \"s3:PutObject\"],\n      \"Resource\": \"arn:aws:s3:::tikal-terraform-state/*\",\n      \"Principal\": {\n        \"AWS\": [\"arn:aws:iam::329054710135:user/natanb\"]\n      }\n    },\n    {\n      \"Effect\": \"Allow\",\n      \"Action\": [\"s3:GetObject\", \"s3:PutObject\"],\n      \"Resource\": \"arn:aws:s3:::tikal-terraform-state/env:/*\",\n      \"Principal\": {\n        \"AWS\": [\"arn:aws:iam::329054710135:user/natanb\"]\n      }\n    }\n  ]\n}\n"
          },
          "private": "bnVsbA==",
          "dependencies": [
            "module.backend.aws_kms_key.tf_enc_key",
            "module.backend.aws_s3_bucket.terraform_state"
          ]
        }
      ]
    }
  ]
}
